name: TCP_carla0916
channels:
  - conda-forge
  - defaults
  - nvidia
  - pytorch
dependencies:
  - cuda-version=11.8=hcce14f8_3
  - ca-certificates=2026.4.22=hbd8a1cb_0
  - cuda-cudart=11.8.89=0
  - cuda-cupti=11.8.87=0
  - cuda-nvrtc=11.8.89=0
  - cuda-nvtx=11.8.86=0
  - font-ttf-dejavu-sans-mono=2.37=hab24e00_0
  - font-ttf-inconsolata=3.000=h77eed37_0
  - font-ttf-source-code-pro=2.038=h77eed37_0
  - font-ttf-ubuntu=0.83=h77eed37_3
  - libcublas=11.11.3.6=0
  - libcufft=10.9.0.58=0
  - libcufile=1.9.1.3=0
  - libcurand=10.3.5.147=0
  - libcusolver=11.4.1.48=0
  - libcusparse=11.7.5.86=0
  - libglvnd=1.7.0=ha4b6fd6_2
  - libgomp=15.2.0=he0feb66_18
  - libnpp=11.8.0.86=0
  - libnvjpeg=11.9.0.86=0
  - libzlib=1.3.2=h25fd6f3_2
  - python_abi=3.10=3_cp310
  - pytorch-mutex=1.0=cuda
  - tzdata=2025c=hc9c84f9_1
  - _openmp_mutex=4.5=20_gnu
  - cuda-libraries=11.8.0=0
  - fonts-conda-forge=1=hc364b38_1
  - libegl=1.7.0=ha4b6fd6_2
  - libopengl=1.7.0=ha4b6fd6_2
  - zlib=1.3.2=h25fd6f3_2
  - zstd=1.5.7=hb78ec9c_6
  - cuda-runtime=11.8.0=0
  - fonts-conda-ecosystem=1=0
  - ld_impl_linux-64=2.45.1=default_hbd61a6d_102
  - libgcc=15.2.0=he0feb66_18
  - alsa-lib=1.2.15.3=hb03c661_0
  - bzip2=1.0.8=hda65f42_9
  - c-ares=1.34.6=hb03c661_0
  - dav1d=1.5.3=h3e43c27_0
  - fribidi=1.0.16=h9fb5f84_0
  - keyutils=1.6.3=hb9d3cd8_0
  - lame=3.100=hbd0596d_1
  - libbrotlicommon=1.2.0=hb03c661_1
  - libcap=2.77=hd0affe5_1
  - libgcc-ng=15.2.0=h69a702a_18
  - libgfortran5=15.2.0=h68bc16d_18
  - libiconv=1.18=h3b78370_2
  - libnl=3.11.0=hb9d3cd8_0
  - libnsl=2.0.1=hb9d3cd8_1
  - libntlm=1.8=hb9d3cd8_0
  - libopus=1.6.1=h9f10d21_0
  - libpciaccess=0.18=hb9d3cd8_0
  - libpng=1.6.58=h421ea60_0
  - libstdcxx=15.2.0=h934c35e_18
  - libwebp-base=1.6.0=hd42ef1d_0
  - ncurses=6.5=h2d0b736_3
  - openssl=3.6.2=h35e630c_0
  - pthread-stubs=0.4=hb9d3cd8_1002
  - pytorch-cuda=11.8=h7e8668a_6
  - tk=8.6.13=noxft_h366c992_103
  - xorg-libice=1.1.2=hb9d3cd8_0
  - xorg-libxau=1.0.12=hb03c661_1
  - xorg-libxdmcp=1.1.5=hb03c661_1
  - xz=5.8.2=h448239c_0
  - yaml=0.2.5=h280c20c_3
  - aom=3.13.2=h664349e_0
  - double-conversion=3.4.0=hecca717_0
  - geos=3.14.1=h480dda7_0
  - gettext-tools=0.25.1=h6a67909_0
  - graphite2=1.3.14=hecca717_2
  - jansson=2.14=h5eee18b_1
  - jpeg=9f=h5ce9db8_0
  - lerc=4.1.0=hdb68285_0
  - libasprintf=0.25.1=hf2ab22a_0
  - libbrotlidec=1.2.0=hb03c661_1
  - libbrotlienc=1.2.0=hb03c661_1
  - libcups=2.4.15=hbe4054b_0
  - libdeflate=1.22=h5eee18b_0
  - libdrm=2.4.125=hb03c661_1
  - libedit=3.1.20250104=pl5321h7949ede_0
  - libev=4.33=h7f8727e_1
  - libexpat=2.7.5=h7354ed3_0
  - libffi=3.4.8=hc5d346e_2
  - libfreetype6=2.14.3=h73754d4_0
  - libgettextpo=0.25.1=hf2ab22a_0
  - libgfortran=15.2.0=h69a702a_18
  - libjpeg-turbo=2.0.0=h9bf148f_0
  - libopenjpeg=2.5.4=hee96239_1
  - libssh2=1.11.1=h251f7ec_0
  - libstdcxx-ng=15.2.0=hdf11a46_18
  - libsystemd0=260.1=h6569c3e_0
  - libudev1=260.1=h6569c3e_0
  - libunistring=1.3=hb25bd0a_0
  - libuuid=1.41.5=h5eee18b_0
  - libxcb=1.17.0=h8a09558_0
  - libxcrypt=4.4.36=hd590300_1
  - lmdb=0.9.31=hb25bd0a_0
  - ninja=1.13.2=h171cf75_0
  - pcre2=10.42=hebb0a14_1
  - pixman=0.46.4=h54a6638_1
  - readline=8.3=h853b02a_0
  - spirv-tools=2026.1=h24d9097_0
  - x264=1!157.20191217=h7b6447c_0
  - xorg-libxshmfence=1.3.3=h9b100fa_0
  - xorg-xorgproto=2024.1=h5eee18b_1
  - zlib-ng=2.3.3=hceb46e0_1
  - brotli-bin=1.2.0=hb03c661_1
  - cudatoolkit=11.8.0=h6a678d5_0
  - expat=2.7.5=h7354ed3_0
  - gmp=6.3.0=hac33072_2
  - gtest=1.14.0=h434a139_2
  - icu=73.1=h6a678d5_0
  - intel-openmp=2023.0.0=h9e868ea_25371
  - krb5=1.22.2=ha1258a1_0
  - libasprintf-devel=0.25.1=hf2ab22a_0
  - libavif=1.3.0=h2b90b00_1
  - libfreetype=2.14.3=ha770c72_0
  - libgettextpo-devel=0.25.1=hf2ab22a_0
  - libglib=2.84.2=h37c7471_0
  - libkrb5=1.21.3=h520c7b4_4
  - libllvm14=14.0.6=hecde1de_4
  - libopenblas=0.3.32=pthreads_h94d23a6_0
  - libprotobuf=3.20.3=h3eb15da_0
  - libtiff=4.7.1=h029b1ac_0
  - libvpx=1.7.0=h439df22_0
  - lz4-c=1.9.4=h6a678d5_1
  - nspr=4.37=h8459abe_0
  - openh264=2.1.1=h4ff587b_0
  - qhull=2020.2=h434a139_5
  - rdma-core=61.0=h192683f_0
  - re2=2022.04.01=h27087fc_0
  - sqlite=3.51.2=h3e8d24a_0
  - tbb=2021.8.0=hdb19cb5_0
  - xcb-util=0.4.1=h4f16b4b_2
  - xcb-util-keysyms=0.4.1=hb711507_0
  - xcb-util-renderutil=0.3.10=hb711507_0
  - xcb-util-wm=0.4.2=hb711507_0
  - xorg-libsm=1.2.6=h9b100fa_0
  - xorg-libx11=1.8.13=he1eb515_0
  - abseil-cpp=20230802.0=h6a678d5_2
  - brotli=1.2.0=hed03a55_1
  - cudnn=8.9.2.26=cuda11_0
  - cupti=11.8.0=he078b1a_0
  - cyrus-sasl=2.1.28=hac629b4_1
  - dbus=1.16.2=h5bd4931_0
  - freetype=2.14.3=ha770c72_0
  - gettext=0.25.1=h92eb808_0
  - lcms2=2.17=heab6991_0
  - libblas=3.11.0=6_h4a7cf45_openblas
  - libclang13=14.0.6=default_he11475f_2
  - libglx=1.7.0=ha4b6fd6_2
  - libxkbfile=1.1.0=hf54ef8a_2
  - libxml2=2.13.9=h2c43086_0
  - mkl=2023.1.0=h213fc3f_46344
  - mpfr=4.2.2=he0a73b1_0
  - nettle=3.4.1=hbb512f6_0
  - nss=3.121=h5c1ed2d_0
  - openblas=0.3.32=pthreads_h6ec200e_0
  - openjpeg=2.5.4=h55fea9a_0
  - python=3.10.14=h955ad1f_0
  - wayland=1.24.0=hdac8c69_0
  - xcb-util-image=0.4.0=hb711507_2
  - xkeyboard-config=2.47=hb03c661_0
  - xorg-libxext=1.3.7=hb03c661_0
  - xorg-libxfixes=6.0.2=hb03c661_0
  - xorg-libxrender=0.9.12=hb9d3cd8_0
  - absl-py=2.4.0=pyhd8ed1ab_0
  - backports.zstd=1.3.0=py310h69bd2ac_0
  - brotli-python=1.2.0=py310hba01987_1
  - certifi=2026.4.22=pyhd8ed1ab_0
  - charset-normalizer=3.4.7=pyhd8ed1ab_0
  - cpython=3.10.20=py310hd8ed1ab_0
  - cycler=0.12.1=pyhcf101f3_2
  - cython=3.2.4=py310ha58568a_0
  - filelock=3.29.0=pyhd8ed1ab_0
  - fontconfig=2.15.0=h2c49b7f_0
  - gnutls=3.6.5=h71b1129_1002
  - grpc-cpp=1.48.2=he1ff14a_4
  - hpack=4.1.0=pyhd8ed1ab_0
  - hyperframe=6.1.0=pyhd8ed1ab_0
  - idna=3.13=pyhcf101f3_0
  - joblib=1.5.3=pyhd8ed1ab_0
  - kiwisolver=1.5.0=py310haaf941d_0
  - libcblas=3.11.0=6_h0358290_openblas
  - libgl=1.7.0=ha4b6fd6_2
  - libglx-devel=1.7.0=ha4b6fd6_2
  - libidn2=2.3.8=hf80d704_0
  - liblapack=3.11.0=6_h47877c9_openblas
  - libllvm15=15.0.7=he89c38a_4
  - libllvm22=22.1.2=hfb1d434_0
  - libnghttp2=1.67.1=h697f920_0
  - libxkbcommon=1.9.1=h69220b7_0
  - libxslt=1.1.43=h28b3bda_0
  - magma=2.7.1=h2c23e93_0
  - markupsafe=3.0.3=py310h3406613_1
  - mpc=1.4.0=he0a73b1_0
  - mpmath=1.4.1=pyhd8ed1ab_0
  - munkres=1.1.4=pyhd8ed1ab_1
  - networkx=3.4=pyhd8ed1ab_0
  - openldap=2.6.13=hbde042b_0
  - packaging=26.2=pyhc364b38_0
  - pycparser=2.22=pyh29332c3_1
  - pyparsing=3.3.2=pyhcf101f3_0
  - pysocks=1.7.1=pyha55dd90_7
  - python-tzdata=2026.2=pyhd8ed1ab_0
  - pytz=2026.1.post1=pyhcf101f3_0
  - pyyaml=6.0.3=py310h3406613_1
  - six=1.17.0=pyhe01879c_1
  - tabulate=0.10.0=pyhcf101f3_0
  - tensorboard-data-server=0.7.0=py310hf0f1799_4
  - threadpoolctl=3.6.0=pyhecae5ae_0
  - tornado=6.5.5=py310h7c4b9e2_0
  - tqdm=4.67.3=pyh8f84b5b_0
  - typing_extensions=4.15.0=pyhcf101f3_0
  - unicodedata2=17.0.1=py310h7c4b9e2_0
  - xcb-util-cursor=0.1.6=hb03c661_0
  - xorg-libxcomposite=0.4.7=hb03c661_0
  - xorg-libxcursor=1.2.3=hb9d3cd8_0
  - xorg-libxdamage=1.1.6=hb9d3cd8_0
  - xorg-libxi=1.8.2=hb9d3cd8_0
  - xorg-libxrandr=1.5.5=hb03c661_0
  - xorg-libxxf86vm=1.1.7=hb03c661_0
  - zipp=3.23.1=pyhcf101f3_0
  - cairo=1.18.4=h44eff21_0
  - cffi=2.0.0=py310h4eded50_1
  - ffmpeg=4.2.2=h20bf706_0
  - fonttools=4.62.1=py310h3406613_0
  - gmpy2=2.3.0=py310h63ebcad_1
  - grpcio=1.48.2=py310he1ff14a_4
  - h2=4.3.0=pyhcf101f3_0
  - importlib-metadata=8.8.0=pyhcf101f3_0
  - jinja2=3.1.6=pyhcf101f3_1
  - lazy-loader=0.5=pyhd8ed1ab_0
  - libcurl=8.17.0=hc93bc37_0
  - libgl-devel=1.7.0=ha4b6fd6_2
  - liblapacke=3.11.0=6_h6ae95b6_openblas
  - libpq=17.6=ha51bf15_0
  - libvulkan-loader=1.4.341.0=h5279c79_0
  - mesalib=25.1.5=hac3cb23_1
  - python-dateutil=2.9.0.post0=pyhe01879c_2
  - typing-extensions=4.15.0=h396c80c_0
  - werkzeug=3.1.8=pyhcf101f3_0
  - wheel=0.47.0=pyhd8ed1ab_0
  - xorg-libxtst=1.2.5=hb9d3cd8_3
  - yacs=0.1.8=pyh29332c3_2
  - blas-devel=3.11.0=6_h1ea3ea9_openblas
  - harfbuzz=12.3.0=h76b71e0_0
  - lazy_loader=0.5=pyhd8ed1ab_0
  - libegl-devel=1.7.0=ha4b6fd6_2
  - markdown=3.10.2=pyhcf101f3_0
  - mysql=8.4.0=h0bac5ae_0
  - pip=26.0.1=pyh8b19718_0
  - sympy=1.14.0=pyh2585a3b_106
  - urllib3=2.6.3=pyhd8ed1ab_0
  - blas=2.306=openblas
  - pillow=12.1.1=py310h8263a33_0
  - qtbase=6.7.3=h10a5587_4
  - requests=2.33.1=pyhcf101f3_1
  - numpy-base=1.23.5=py310h375b286_0
  - qtshadertools=6.7.3=h7934f7d_1
  - qtsvg=6.7.3=he4bddd1_1
  - numpy=1.23.5=py310hac523dd_0
  - qtdeclarative=6.7.3=h7934f7d_1
  - contourpy=1.3.2=py310h3788b33_0
  - pandas=2.3.3=py310h0158d43_2
  - pytorch=2.0.1=gpu_cuda118py310h7799f5a_0
  - pywavelets=1.8.0=py310hf462985_0
  - qttools=6.7.3=h5a8de97_1
  - qtwebchannel=6.7.3=h7934f7d_1
  - qtwebsockets=6.7.3=h7934f7d_1
  - scipy=1.15.2=py310h1d65ade_0
  - tensorboard=2.20.0=pyhe01879c_0
  - tifffile=2025.2.18=py310h06a4308_0
  - matplotlib-base=3.10.9=py310hfde16b3_0
  - qtwebengine=6.7.3=h5092597_1
  - scikit-image=0.25.0=py310h5eaa309_0
  - scikit-learn=1.7.2=py310h228f341_0
  - torchvision=0.15.2=py310_cu118
  - pyside6=6.7.3=py310hfe4ef28_1
  - matplotlib=3.10.9=py310hff52083_0
  - pip:
      - aiohappyeyeballs==2.6.1
      - aiohttp==3.13.5
      - aiosignal==1.4.0
      - albucore==0.0.24
      - albumentations==2.0.8
      - annotated-types==0.7.0
      - antlr4-python3-runtime==4.8
      - async-timeout==5.0.1
      - attrs==26.1.0
      - cachetools==7.0.6
      - carla==0.9.16
      - click==8.3.3
      - cloudpickle==1.3.0
      - decorator==5.2.1
      - descartes==1.1.0
      - dictor==0.1.7
      - efficientnet-pytorch==0.7.0
      - ephem==4.2.1
      - frozenlist==1.8.0
      - fsspec==2026.3.0
      - future==1.0.0
      - fvcore==0.1.5.post20221221
      - gitdb==4.0.12
      - gitpython==3.1.48
      - gym==0.17.2
      - h5py==3.16.0
      - hydra-core==1.1.1
      - imageio==2.37.3
      - imageio-ffmpeg==0.6.0
      - imgaug==0.4.0
      - iopath==0.1.10
      - lightning-utilities==0.15.3
      - lmdb==2.2.0
      - motmetrics==1.1.3
      - moviepy==2.2.1
      - multidict==6.7.1
      - narwhals==2.20.0
      - nuscenes-devkit==1.2.0
      - omegaconf==2.1.1
      - opencv-python==4.11.0.86
      - opencv-python-headless==4.11.0.86
      - parameterized==0.9.0
      - pillow==11.3.0
      - plotly==6.7.0
      - proglog==0.1.12
      - propcache==0.4.1
      - protobuf==7.34.1
      - py-trees==0.8.1
      - pycocotools==2.0.11
      - pydantic==2.13.3
      - pydantic-core==2.46.3
      - pydot==4.0.1
      - pyglet==1.5.0
      - pyquaternion==0.9.9
      - python-dotenv==1.2.2
      - pytorch-lightning==1.2.5
      - sentry-sdk==2.58.0
      - setuptools==69.5.1
      - shapely==2.0.7
      - shortuuid==1.0.13
      - simsimd==6.5.16
      - smmap==5.0.3
      - stable-baselines3==0.8.0
      - stringzilla==4.6.0
      - timm==0.5.4
      - torchmetrics==1.9.0
      - typing-inspection==0.4.2
      - wandb==0.26.1
      - yarl==1.23.0
      - yaspin==3.4.0
